
Microsoft Visual Studio Solution File, Format Version 12.00
# Visual Studio Version 16
VisualStudioVersion = 16.0.29519.87
MinimumVisualStudioVersion = 10.0.40219.1
Project("{FAE04EC0-301F-11D3-BF4B-00C04F79EFBC}") = "MD8", "MD8\MD8.csproj", "{58E58A27-CC1E-4738-8238-38BB88D4144A}"
EndProject
Project("{FAE04EC0-301F-11D3-BF4B-00C04F79EFBC}") = "MD8.Android", "MD8.Android\MD8.Android.csproj", "{6D1605D8-445C-42B4-B6A2-FF7858AB734D}"
EndProject
Global
	GlobalSection(SolutionConfigurationPlatforms) = preSolution
		Debug|Any CPU = Debug|Any CPU
		Release|Any CPU = Release|Any CPU
	EndGlobalSection
	GlobalSection(ProjectConfigurationPlatforms) = postSolution
		{58E58A27-CC1E-4738-8238-38BB88D4144A}.Debug|Any CPU.ActiveCfg = Debug|Any CPU
		{58E58A27-CC1E-4738-8238-38BB88D4144A}.Debug|Any CPU.Build.0 = Debug|Any CPU
		{58E58A27-CC1E-4738-8238-38BB88D4144A}.Release|Any CPU.ActiveCfg = Release|Any CPU
		{58E58A27-CC1E-4738-8238-38BB88D4144A}.Release|Any CPU.Build.0 = Release|Any CPU
		{6D1605D8-445C-42B4-B6A2-FF7858AB734D}.Debug|Any CPU.ActiveCfg = Debug|Any CPU
		{6D1605D8-445C-42B4-B6A2-FF7858AB734D}.Debug|Any CPU.Build.0 = Debug|Any CPU
		{6D1605D8-445C-42B4-B6A2-FF7858AB734D}.Debug|Any CPU.Deploy.0 = Debug|Any CPU
		{6D1605D8-445C-42B4-B6A2-FF7858AB734D}.Release|Any CPU.ActiveCfg = Release|Any CPU
		{6D1605D8-445C-42B4-B6A2-FF7858AB734D}.Release|Any CPU.Build.0 = Release|Any CPU
		{6D1605D8-445C-42B4-B6A2-FF7858AB734D}.Release|Any CPU.Deploy.0 = Release|Any CPU
	EndGlobalSection
	GlobalSection(SolutionProperties) = preSolution
		HideSolutionNode = FALSE
	EndGlobalSection
	GlobalSection(ExtensibilityGlobals) = postSolution
		SolutionGuid = {ACE98681-8564-4B5F-9237-9A8A4FE47E77}
	EndGlobalSection
EndGlobal
